
Microsoft Visual Studio Solution File, Format Version 12.00
# Visual Studio Version 17
VisualStudioVersion = 17.0.31912.275
MinimumVisualStudioVersion = 10.0.40219.1
Project("{9A19103F-16F7-4668-BE54-9A1E7A4F7556}") = "DataUploadValidation", "DataUploadValidation\DataUploadValidation.csproj", "{ACD53726-D05F-4811-852B-C95E647CF7A7}"
EndProject
Project("{9A19103F-16F7-4668-BE54-9A1E7A4F7556}") = "Shared", "Shared\Shared.csproj", "{BE738563-00E3-491F-A3D9-85D867F71A16}"
EndProject
Project("{9A19103F-16F7-4668-BE54-9A1E7A4F7556}") = "VeryBigShoeCompanyTests", "VeryBigShoeCompanyTests\VeryBigShoeCompanyTests.csproj", "{97D23A93-EC5B-46A6-9F36-5A0363BC2812}"
EndProject
Project("{FAE04EC0-301F-11D3-BF4B-00C04F79EFBC}") = "VeryBigShoesWeb", "VeryBigShoesWeb\VeryBigShoesWeb.csproj", "{63820C05-9F38-499B-AF0D-BBE6BAD8EB56}"
EndProject
Global
	GlobalSection(SolutionConfigurationPlatforms) = preSolution
		Debug|Any CPU = Debug|Any CPU
		Release|Any CPU = Release|Any CPU
	EndGlobalSection
	GlobalSection(ProjectConfigurationPlatforms) = postSolution
		{ACD53726-D05F-4811-852B-C95E647CF7A7}.Debug|Any CPU.ActiveCfg = Debug|Any CPU
		{ACD53726-D05F-4811-852B-C95E647CF7A7}.Debug|Any CPU.Build.0 = Debug|Any CPU
		{ACD53726-D05F-4811-852B-C95E647CF7A7}.Release|Any CPU.ActiveCfg = Release|Any CPU
		{ACD53726-D05F-4811-852B-C95E647CF7A7}.Release|Any CPU.Build.0 = Release|Any CPU
		{BE738563-00E3-491F-A3D9-85D867F71A16}.Debug|Any CPU.ActiveCfg = Debug|Any CPU
		{BE738563-00E3-491F-A3D9-85D867F71A16}.Debug|Any CPU.Build.0 = Debug|Any CPU
		{BE738563-00E3-491F-A3D9-85D867F71A16}.Release|Any CPU.ActiveCfg = Release|Any CPU
		{BE738563-00E3-491F-A3D9-85D867F71A16}.Release|Any CPU.Build.0 = Release|Any CPU
		{97D23A93-EC5B-46A6-9F36-5A0363BC2812}.Debug|Any CPU.ActiveCfg = Debug|Any CPU
		{97D23A93-EC5B-46A6-9F36-5A0363BC2812}.Debug|Any CPU.Build.0 = Debug|Any CPU
		{97D23A93-EC5B-46A6-9F36-5A0363BC2812}.Release|Any CPU.ActiveCfg = Release|Any CPU
		{97D23A93-EC5B-46A6-9F36-5A0363BC2812}.Release|Any CPU.Build.0 = Release|Any CPU
		{63820C05-9F38-499B-AF0D-BBE6BAD8EB56}.Debug|Any CPU.ActiveCfg = Debug|Any CPU
		{63820C05-9F38-499B-AF0D-BBE6BAD8EB56}.Debug|Any CPU.Build.0 = Debug|Any CPU
		{63820C05-9F38-499B-AF0D-BBE6BAD8EB56}.Release|Any CPU.ActiveCfg = Release|Any CPU
		{63820C05-9F38-499B-AF0D-BBE6BAD8EB56}.Release|Any CPU.Build.0 = Release|Any CPU
	EndGlobalSection
	GlobalSection(SolutionProperties) = preSolution
		HideSolutionNode = FALSE
	EndGlobalSection
	GlobalSection(ExtensibilityGlobals) = postSolution
		SolutionGuid = {64413774-F240-4F4C-B6C0-C7AD904ABDC8}
	EndGlobalSection
EndGlobal
